
Microsoft Visual Studio Solution File, Format Version 12.00
# Visual Studio Version 17
VisualStudioVersion = 17.14.36705.20 d17.14
MinimumVisualStudioVersion = 10.0.40219.1
Project("{FAE04EC0-301F-11D3-BF4B-00C04F79EFBC}") = "ServerStats", "ServerStats\ServerStats.csproj", "{B48E5E7D-E87C-4B7F-A318-178AE4766D8D}"
EndProject
Global
	GlobalSection(SolutionConfigurationPlatforms) = preSolution
		Debug|Any CPU = Debug|Any CPU
		Release|Any CPU = Release|Any CPU
	EndGlobalSection
	GlobalSection(ProjectConfigurationPlatforms) = postSolution
		{B48E5E7D-E87C-4B7F-A318-178AE4766D8D}.Debug|Any CPU.ActiveCfg = Debug|Any CPU
		{B48E5E7D-E87C-4B7F-A318-178AE4766D8D}.Debug|Any CPU.Build.0 = Debug|Any CPU
		{B48E5E7D-E87C-4B7F-A318-178AE4766D8D}.Release|Any CPU.ActiveCfg = Release|Any CPU
		{B48E5E7D-E87C-4B7F-A318-178AE4766D8D}.Release|Any CPU.Build.0 = Release|Any CPU
	EndGlobalSection
	GlobalSection(SolutionProperties) = preSolution
		HideSolutionNode = FALSE
	EndGlobalSection
	GlobalSection(ExtensibilityGlobals) = postSolution
		SolutionGuid = {C3BA9FCC-0B0A-4391-81EB-C384BCA24E91}
	EndGlobalSection
EndGlobal
